
Microsoft Visual Studio Solution File, Format Version 12.00
# Visual Studio Version 17
VisualStudioVersion = 17.0.31912.275
MinimumVisualStudioVersion = 10.0.40219.1
Project("{8BC9CEB8-8B4A-11D0-8D11-00A0C91BC942}") = "ЛР 1", "ЛР 1\ЛР 1.vcxproj", "{9038FB82-E80D-44BD-B72E-DF54F5B9C40F}"
EndProject
Project("{8BC9CEB8-8B4A-11D0-8D11-00A0C91BC942}") = "ЛР 2", "ЛР 2\ЛР 2.vcxproj", "{0B18B908-2578-4D9F-90D5-14555177237F}"
EndProject
Project("{8BC9CEB8-8B4A-11D0-8D11-00A0C91BC942}") = "ЛР 4", "ЛР 4\ЛР 4.vcxproj", "{C63ED541-D030-429C-AF42-0802D195217F}"
EndProject
Project("{8BC9CEB8-8B4A-11D0-8D11-00A0C91BC942}") = "ЛР 5", "ЛР 5\ЛР 5.vcxproj", "{19B1552B-1408-4670-803E-7365AFE85A5D}"
EndProject
Project("{8BC9CEB8-8B4A-11D0-8D11-00A0C91BC942}") = "ЛР 6", "ЛР 6\ЛР 6.vcxproj", "{9155EC53-5D84-4AAA-A605-EF78DB852C67}"
EndProject
Project("{8BC9CEB8-8B4A-11D0-8D11-00A0C91BC942}") = "ЛР 10", "ЛР 10\ЛР 10.vcxproj", "{82A7A842-7813-4051-BD27-AAAD8EFA023A}"
EndProject
Project("{8BC9CEB8-8B4A-11D0-8D11-00A0C91BC942}") = "ЛР 3А", "ЛР 3А\ЛР 3А.vcxproj", "{AB566C7A-BD61-4E1F-B023-17430487B873}"
EndProject
Project("{8BC9CEB8-8B4A-11D0-8D11-00A0C91BC942}") = "ЛР 3В", "ЛР 3В\ЛР 3В.vcxproj", "{C6C24CAA-5FDA-49E8-A6BD-95B7B60BDB0C}"
EndProject
Project("{8BC9CEB8-8B4A-11D0-8D11-00A0C91BC942}") = "ЛР 3Б", "ЛР 3Б\ЛР 3Б.vcxproj", "{9A2BA0B1-D72E-4815-91E1-4948FDAA56D2}"
EndProject
Project("{8BC9CEB8-8B4A-11D0-8D11-00A0C91BC942}") = "ЛР 3Д", "ЛР 3Д\ЛР 3Д.vcxproj", "{5DB60C86-120F-41F5-BA7D-4EC3914C5026}"
EndProject
Project("{8BC9CEB8-8B4A-11D0-8D11-00A0C91BC942}") = "ЛР 3Г", "ЛР 3Г\ЛР 3Г.vcxproj", "{F7A727C4-36C6-4D08-958C-48A9796C570B}"
EndProject
Project("{8BC9CEB8-8B4A-11D0-8D11-00A0C91BC942}") = "ЛР 7А", "ЛР 7А\ЛР 7А.vcxproj", "{488F8BF2-56C6-4B3E-B9A3-B8D90208A6EA}"
EndProject
Project("{8BC9CEB8-8B4A-11D0-8D11-00A0C91BC942}") = "ЛР 7Б", "ЛР 7Б\ЛР 7Б.vcxproj", "{DC5D7386-9173-4543-A7E2-23FC8A17819F}"
EndProject
Project("{8BC9CEB8-8B4A-11D0-8D11-00A0C91BC942}") = "ЛР 7В", "ЛР 7В\ЛР 7В.vcxproj", "{41B60DF4-D30E-4174-9B96-F3FC93F4AEFC}"
EndProject
Project("{8BC9CEB8-8B4A-11D0-8D11-00A0C91BC942}") = "ЛР 8А", "ЛР 8А\ЛР 8А.vcxproj", "{D59DD4B1-822B-4B56-884F-C6D358DD695C}"
EndProject
Project("{8BC9CEB8-8B4A-11D0-8D11-00A0C91BC942}") = "ЛР 7Г", "ЛР 7Г\ЛР 7Г.vcxproj", "{F3D77E0C-42F9-4859-BF28-F5382E7218E3}"
EndProject
Project("{8BC9CEB8-8B4A-11D0-8D11-00A0C91BC942}") = "ЛР 8Б", "ЛР 8Б\ЛР 8Б.vcxproj", "{2D653AFD-34F2-42FF-9A64-21E4FF31E15F}"
EndProject
Project("{8BC9CEB8-8B4A-11D0-8D11-00A0C91BC942}") = "ЛР 9А", "ЛР 9А\ЛР 9А.vcxproj", "{52D4DBF2-BEC6-4092-8FCB-2488D8FD3953}"
EndProject
Project("{8BC9CEB8-8B4A-11D0-8D11-00A0C91BC942}") = "ЛР 9Б", "ЛР 9Б\ЛР 9Б.vcxproj", "{DAA7931A-0237-44AB-B777-37913B32A92A}"
EndProject
Project("{8BC9CEB8-8B4A-11D0-8D11-00A0C91BC942}") = "ЛР 9В", "ЛР 9В\ЛР 9В.vcxproj", "{A8D72619-C6E5-4CF6-84D5-51BE760674C7}"
EndProject
Global
	GlobalSection(SolutionConfigurationPlatforms) = preSolution
		Debug|x64 = Debug|x64
		Debug|x86 = Debug|x86
		Release|x64 = Release|x64
		Release|x86 = Release|x86
	EndGlobalSection
	GlobalSection(ProjectConfigurationPlatforms) = postSolution
		{9038FB82-E80D-44BD-B72E-DF54F5B9C40F}.Debug|x64.ActiveCfg = Debug|x64
		{9038FB82-E80D-44BD-B72E-DF54F5B9C40F}.Debug|x64.Build.0 = Debug|x64
		{9038FB82-E80D-44BD-B72E-DF54F5B9C40F}.Debug|x86.ActiveCfg = Debug|Win32
		{9038FB82-E80D-44BD-B72E-DF54F5B9C40F}.Debug|x86.Build.0 = Debug|Win32
		{9038FB82-E80D-44BD-B72E-DF54F5B9C40F}.Release|x64.ActiveCfg = Release|x64
		{9038FB82-E80D-44BD-B72E-DF54F5B9C40F}.Release|x64.Build.0 = Release|x64
		{9038FB82-E80D-44BD-B72E-DF54F5B9C40F}.Release|x86.ActiveCfg = Release|Win32
		{9038FB82-E80D-44BD-B72E-DF54F5B9C40F}.Release|x86.Build.0 = Release|Win32
		{0B18B908-2578-4D9F-90D5-14555177237F}.Debug|x64.ActiveCfg = Debug|x64
		{0B18B908-2578-4D9F-90D5-14555177237F}.Debug|x64.Build.0 = Debug|x64
		{0B18B908-2578-4D9F-90D5-14555177237F}.Debug|x86.ActiveCfg = Debug|Win32
		{0B18B908-2578-4D9F-90D5-14555177237F}.Debug|x86.Build.0 = Debug|Win32
		{0B18B908-2578-4D9F-90D5-14555177237F}.Release|x64.ActiveCfg = Release|x64
		{0B18B908-2578-4D9F-90D5-14555177237F}.Release|x64.Build.0 = Release|x64
		{0B18B908-2578-4D9F-90D5-14555177237F}.Release|x86.ActiveCfg = Release|Win32
		{0B18B908-2578-4D9F-90D5-14555177237F}.Release|x86.Build.0 = Release|Win32
		{C63ED541-D030-429C-AF42-0802D195217F}.Debug|x64.ActiveCfg = Debug|x64
		{C63ED541-D030-429C-AF42-0802D195217F}.Debug|x64.Build.0 = Debug|x64
		{C63ED541-D030-429C-AF42-0802D195217F}.Debug|x86.ActiveCfg = Debug|Win32
		{C63ED541-D030-429C-AF42-0802D195217F}.Debug|x86.Build.0 = Debug|Win32
		{C63ED541-D030-429C-AF42-0802D195217F}.Release|x64.ActiveCfg = Release|x64
		{C63ED541-D030-429C-AF42-0802D195217F}.Release|x64.Build.0 = Release|x64
		{C63ED541-D030-429C-AF42-0802D195217F}.Release|x86.ActiveCfg = Release|Win32
		{C63ED541-D030-429C-AF42-0802D195217F}.Release|x86.Build.0 = Release|Win32
		{19B1552B-1408-4670-803E-7365AFE85A5D}.Debug|x64.ActiveCfg = Debug|x64
		{19B1552B-1408-4670-803E-7365AFE85A5D}.Debug|x64.Build.0 = Debug|x64
		{19B1552B-1408-4670-803E-7365AFE85A5D}.Debug|x86.ActiveCfg = Debug|Win32
		{19B1552B-1408-4670-803E-7365AFE85A5D}.Debug|x86.Build.0 = Debug|Win32
		{19B1552B-1408-4670-803E-7365AFE85A5D}.Release|x64.ActiveCfg = Release|x64
		{19B1552B-1408-4670-803E-7365AFE85A5D}.Release|x64.Build.0 = Release|x64
		{19B1552B-1408-4670-803E-7365AFE85A5D}.Release|x86.ActiveCfg = Release|Win32
		{19B1552B-1408-4670-803E-7365AFE85A5D}.Release|x86.Build.0 = Release|Win32
		{9155EC53-5D84-4AAA-A605-EF78DB852C67}.Debug|x64.ActiveCfg = Debug|x64
		{9155EC53-5D84-4AAA-A605-EF78DB852C67}.Debug|x64.Build.0 = Debug|x64
		{9155EC53-5D84-4AAA-A605-EF78DB852C67}.Debug|x86.ActiveCfg = Debug|Win32
		{9155EC53-5D84-4AAA-A605-EF78DB852C67}.Debug|x86.Build.0 = Debug|Win32
		{9155EC53-5D84-4AAA-A605-EF78DB852C67}.Release|x64.ActiveCfg = Release|x64
		{9155EC53-5D84-4AAA-A605-EF78DB852C67}.Release|x64.Build.0 = Release|x64
		{9155EC53-5D84-4AAA-A605-EF78DB852C67}.Release|x86.ActiveCfg = Release|Win32
		{9155EC53-5D84-4AAA-A605-EF78DB852C67}.Release|x86.Build.0 = Release|Win32
		{82A7A842-7813-4051-BD27-AAAD8EFA023A}.Debug|x64.ActiveCfg = Debug|x64
		{82A7A842-7813-4051-BD27-AAAD8EFA023A}.Debug|x64.Build.0 = Debug|x64
		{82A7A842-7813-4051-BD27-AAAD8EFA023A}.Debug|x86.ActiveCfg = Debug|Win32
		{82A7A842-7813-4051-BD27-AAAD8EFA023A}.Debug|x86.Build.0 = Debug|Win32
		{82A7A842-7813-4051-BD27-AAAD8EFA023A}.Release|x64.ActiveCfg = Release|x64
		{82A7A842-7813-4051-BD27-AAAD8EFA023A}.Release|x64.Build.0 = Release|x64
		{82A7A842-7813-4051-BD27-AAAD8EFA023A}.Release|x86.ActiveCfg = Release|Win32
		{82A7A842-7813-4051-BD27-AAAD8EFA023A}.Release|x86.Build.0 = Release|Win32
		{AB566C7A-BD61-4E1F-B023-17430487B873}.Debug|x64.ActiveCfg = Debug|x64
		{AB566C7A-BD61-4E1F-B023-17430487B873}.Debug|x64.Build.0 = Debug|x64
		{AB566C7A-BD61-4E1F-B023-17430487B873}.Debug|x86.ActiveCfg = Debug|Win32
		{AB566C7A-BD61-4E1F-B023-17430487B873}.Debug|x86.Build.0 = Debug|Win32
		{AB566C7A-BD61-4E1F-B023-17430487B873}.Release|x64.ActiveCfg = Release|x64
		{AB566C7A-BD61-4E1F-B023-17430487B873}.Release|x64.Build.0 = Release|x64
		{AB566C7A-BD61-4E1F-B023-17430487B873}.Release|x86.ActiveCfg = Release|Win32
		{AB566C7A-BD61-4E1F-B023-17430487B873}.Release|x86.Build.0 = Release|Win32
		{C6C24CAA-5FDA-49E8-A6BD-95B7B60BDB0C}.Debug|x64.ActiveCfg = Debug|x64
		{C6C24CAA-5FDA-49E8-A6BD-95B7B60BDB0C}.Debug|x64.Build.0 = Debug|x64
		{C6C24CAA-5FDA-49E8-A6BD-95B7B60BDB0C}.Debug|x86.ActiveCfg = Debug|Win32
		{C6C24CAA-5FDA-49E8-A6BD-95B7B60BDB0C}.Debug|x86.Build.0 = Debug|Win32
		{C6C24CAA-5FDA-49E8-A6BD-95B7B60BDB0C}.Release|x64.ActiveCfg = Release|x64
		{C6C24CAA-5FDA-49E8-A6BD-95B7B60BDB0C}.Release|x64.Build.0 = Release|x64
		{C6C24CAA-5FDA-49E8-A6BD-95B7B60BDB0C}.Release|x86.ActiveCfg = Release|Win32
		{C6C24CAA-5FDA-49E8-A6BD-95B7B60BDB0C}.Release|x86.Build.0 = Release|Win32
		{9A2BA0B1-D72E-4815-91E1-4948FDAA56D2}.Debug|x64.ActiveCfg = Debug|x64
		{9A2BA0B1-D72E-4815-91E1-4948FDAA56D2}.Debug|x64.Build.0 = Debug|x64
		{9A2BA0B1-D72E-4815-91E1-4948FDAA56D2}.Debug|x86.ActiveCfg = Debug|Win32
		{9A2BA0B1-D72E-4815-91E1-4948FDAA56D2}.Debug|x86.Build.0 = Debug|Win32
		{9A2BA0B1-D72E-4815-91E1-4948FDAA56D2}.Release|x64.ActiveCfg = Release|x64
		{9A2BA0B1-D72E-4815-91E1-4948FDAA56D2}.Release|x64.Build.0 = Release|x64
		{9A2BA0B1-D72E-4815-91E1-4948FDAA56D2}.Release|x86.ActiveCfg = Release|Win32
		{9A2BA0B1-D72E-4815-91E1-4948FDAA56D2}.Release|x86.Build.0 = Release|Win32
		{5DB60C86-120F-41F5-BA7D-4EC3914C5026}.Debug|x64.ActiveCfg = Debug|x64
		{5DB60C86-120F-41F5-BA7D-4EC3914C5026}.Debug|x64.Build.0 = Debug|x64
		{5DB60C86-120F-41F5-BA7D-4EC3914C5026}.Debug|x86.ActiveCfg = Debug|Win32
		{5DB60C86-120F-41F5-BA7D-4EC3914C5026}.Debug|x86.Build.0 = Debug|Win32
		{5DB60C86-120F-41F5-BA7D-4EC3914C5026}.Release|x64.ActiveCfg = Release|x64
		{5DB60C86-120F-41F5-BA7D-4EC3914C5026}.Release|x64.Build.0 = Release|x64
		{5DB60C86-120F-41F5-BA7D-4EC3914C5026}.Release|x86.ActiveCfg = Release|Win32
		{5DB60C86-120F-41F5-BA7D-4EC3914C5026}.Release|x86.Build.0 = Release|Win32
		{F7A727C4-36C6-4D08-958C-48A9796C570B}.Debug|x64.ActiveCfg = Debug|x64
		{F7A727C4-36C6-4D08-958C-48A9796C570B}.Debug|x64.Build.0 = Debug|x64
		{F7A727C4-36C6-4D08-958C-48A9796C570B}.Debug|x86.ActiveCfg = Debug|Win32
		{F7A727C4-36C6-4D08-958C-48A9796C570B}.Debug|x86.Build.0 = Debug|Win32
		{F7A727C4-36C6-4D08-958C-48A9796C570B}.Release|x64.ActiveCfg = Release|x64
		{F7A727C4-36C6-4D08-958C-48A9796C570B}.Release|x64.Build.0 = Release|x64
		{F7A727C4-36C6-4D08-958C-48A9796C570B}.Release|x86.ActiveCfg = Release|Win32
		{F7A727C4-36C6-4D08-958C-48A9796C570B}.Release|x86.Build.0 = Release|Win32
		{488F8BF2-56C6-4B3E-B9A3-B8D90208A6EA}.Debug|x64.ActiveCfg = Debug|x64
		{488F8BF2-56C6-4B3E-B9A3-B8D90208A6EA}.Debug|x64.Build.0 = Debug|x64
		{488F8BF2-56C6-4B3E-B9A3-B8D90208A6EA}.Debug|x86.ActiveCfg = Debug|Win32
		{488F8BF2-56C6-4B3E-B9A3-B8D90208A6EA}.Debug|x86.Build.0 = Debug|Win32
		{488F8BF2-56C6-4B3E-B9A3-B8D90208A6EA}.Release|x64.ActiveCfg = Release|x64
		{488F8BF2-56C6-4B3E-B9A3-B8D90208A6EA}.Release|x64.Build.0 = Release|x64
		{488F8BF2-56C6-4B3E-B9A3-B8D90208A6EA}.Release|x86.ActiveCfg = Release|Win32
		{488F8BF2-56C6-4B3E-B9A3-B8D90208A6EA}.Release|x86.Build.0 = Release|Win32
		{DC5D7386-9173-4543-A7E2-23FC8A17819F}.Debug|x64.ActiveCfg = Debug|x64
		{DC5D7386-9173-4543-A7E2-23FC8A17819F}.Debug|x64.Build.0 = Debug|x64
		{DC5D7386-9173-4543-A7E2-23FC8A17819F}.Debug|x86.ActiveCfg = Debug|Win32
		{DC5D7386-9173-4543-A7E2-23FC8A17819F}.Debug|x86.Build.0 = Debug|Win32
		{DC5D7386-9173-4543-A7E2-23FC8A17819F}.Release|x64.ActiveCfg = Release|x64
		{DC5D7386-9173-4543-A7E2-23FC8A17819F}.Release|x64.Build.0 = Release|x64
		{DC5D7386-9173-4543-A7E2-23FC8A17819F}.Release|x86.ActiveCfg = Release|Win32
		{DC5D7386-9173-4543-A7E2-23FC8A17819F}.Release|x86.Build.0 = Release|Win32
		{41B60DF4-D30E-4174-9B96-F3FC93F4AEFC}.Debug|x64.ActiveCfg = Debug|x64
		{41B60DF4-D30E-4174-9B96-F3FC93F4AEFC}.Debug|x64.Build.0 = Debug|x64
		{41B60DF4-D30E-4174-9B96-F3FC93F4AEFC}.Debug|x86.ActiveCfg = Debug|Win32
		{41B60DF4-D30E-4174-9B96-F3FC93F4AEFC}.Debug|x86.Build.0 = Debug|Win32
		{41B60DF4-D30E-4174-9B96-F3FC93F4AEFC}.Release|x64.ActiveCfg = Release|x64
		{41B60DF4-D30E-4174-9B96-F3FC93F4AEFC}.Release|x64.Build.0 = Release|x64
		{41B60DF4-D30E-4174-9B96-F3FC93F4AEFC}.Release|x86.ActiveCfg = Release|Win32
		{41B60DF4-D30E-4174-9B96-F3FC93F4AEFC}.Release|x86.Build.0 = Release|Win32
		{D59DD4B1-822B-4B56-884F-C6D358DD695C}.Debug|x64.ActiveCfg = Debug|x64
		{D59DD4B1-822B-4B56-884F-C6D358DD695C}.Debug|x64.Build.0 = Debug|x64
		{D59DD4B1-822B-4B56-884F-C6D358DD695C}.Debug|x86.ActiveCfg = Debug|Win32
		{D59DD4B1-822B-4B56-884F-C6D358DD695C}.Debug|x86.Build.0 = Debug|Win32
		{D59DD4B1-822B-4B56-884F-C6D358DD695C}.Release|x64.ActiveCfg = Release|x64
		{D59DD4B1-822B-4B56-884F-C6D358DD695C}.Release|x64.Build.0 = Release|x64
		{D59DD4B1-822B-4B56-884F-C6D358DD695C}.Release|x86.ActiveCfg = Release|Win32
		{D59DD4B1-822B-4B56-884F-C6D358DD695C}.Release|x86.Build.0 = Release|Win32
		{F3D77E0C-42F9-4859-BF28-F5382E7218E3}.Debug|x64.ActiveCfg = Debug|x64
		{F3D77E0C-42F9-4859-BF28-F5382E7218E3}.Debug|x64.Build.0 = Debug|x64
		{F3D77E0C-42F9-4859-BF28-F5382E7218E3}.Debug|x86.ActiveCfg = Debug|Win32
		{F3D77E0C-42F9-4859-BF28-F5382E7218E3}.Debug|x86.Build.0 = Debug|Win32
		{F3D77E0C-42F9-4859-BF28-F5382E7218E3}.Release|x64.ActiveCfg = Release|x64
		{F3D77E0C-42F9-4859-BF28-F5382E7218E3}.Release|x64.Build.0 = Release|x64
		{F3D77E0C-42F9-4859-BF28-F5382E7218E3}.Release|x86.ActiveCfg = Release|Win32
		{F3D77E0C-42F9-4859-BF28-F5382E7218E3}.Release|x86.Build.0 = Release|Win32
		{2D653AFD-34F2-42FF-9A64-21E4FF31E15F}.Debug|x64.ActiveCfg = Debug|x64
		{2D653AFD-34F2-42FF-9A64-21E4FF31E15F}.Debug|x64.Build.0 = Debug|x64
		{2D653AFD-34F2-42FF-9A64-21E4FF31E15F}.Debug|x86.ActiveCfg = Debug|Win32
		{2D653AFD-34F2-42FF-9A64-21E4FF31E15F}.Debug|x86.Build.0 = Debug|Win32
		{2D653AFD-34F2-42FF-9A64-21E4FF31E15F}.Release|x64.ActiveCfg = Release|x64
		{2D653AFD-34F2-42FF-9A64-21E4FF31E15F}.Release|x64.Build.0 = Release|x64
		{2D653AFD-34F2-42FF-9A64-21E4FF31E15F}.Release|x86.ActiveCfg = Release|Win32
		{2D653AFD-34F2-42FF-9A64-21E4FF31E15F}.Release|x86.Build.0 = Release|Win32
		{52D4DBF2-BEC6-4092-8FCB-2488D8FD3953}.Debug|x64.ActiveCfg = Debug|x64
		{52D4DBF2-BEC6-4092-8FCB-2488D8FD3953}.Debug|x64.Build.0 = Debug|x64
		{52D4DBF2-BEC6-4092-8FCB-2488D8FD3953}.Debug|x86.ActiveCfg = Debug|Win32
		{52D4DBF2-BEC6-4092-8FCB-2488D8FD3953}.Debug|x86.Build.0 = Debug|Win32
		{52D4DBF2-BEC6-4092-8FCB-2488D8FD3953}.Release|x64.ActiveCfg = Release|x64
		{52D4DBF2-BEC6-4092-8FCB-2488D8FD3953}.Release|x64.Build.0 = Release|x64
		{52D4DBF2-BEC6-4092-8FCB-2488D8FD3953}.Release|x86.ActiveCfg = Release|Win32
		{52D4DBF2-BEC6-4092-8FCB-2488D8FD3953}.Release|x86.Build.0 = Release|Win32
		{DAA7931A-0237-44AB-B777-37913B32A92A}.Debug|x64.ActiveCfg = Debug|x64
		{DAA7931A-0237-44AB-B777-37913B32A92A}.Debug|x64.Build.0 = Debug|x64
		{DAA7931A-0237-44AB-B777-37913B32A92A}.Debug|x86.ActiveCfg = Debug|Win32
		{DAA7931A-0237-44AB-B777-37913B32A92A}.Debug|x86.Build.0 = Debug|Win32
		{DAA7931A-0237-44AB-B777-37913B32A92A}.Release|x64.ActiveCfg = Release|x64
		{DAA7931A-0237-44AB-B777-37913B32A92A}.Release|x64.Build.0 = Release|x64
		{DAA7931A-0237-44AB-B777-37913B32A92A}.Release|x86.ActiveCfg = Release|Win32
		{DAA7931A-0237-44AB-B777-37913B32A92A}.Release|x86.Build.0 = Release|Win32
		{A8D72619-C6E5-4CF6-84D5-51BE760674C7}.Debug|x64.ActiveCfg = Debug|x64
		{A8D72619-C6E5-4CF6-84D5-51BE760674C7}.Debug|x64.Build.0 = Debug|x64
		{A8D72619-C6E5-4CF6-84D5-51BE760674C7}.Debug|x86.ActiveCfg = Debug|Win32
		{A8D72619-C6E5-4CF6-84D5-51BE760674C7}.Debug|x86.Build.0 = Debug|Win32
		{A8D72619-C6E5-4CF6-84D5-51BE760674C7}.Release|x64.ActiveCfg = Release|x64
		{A8D72619-C6E5-4CF6-84D5-51BE760674C7}.Release|x64.Build.0 = Release|x64
		{A8D72619-C6E5-4CF6-84D5-51BE760674C7}.Release|x86.ActiveCfg = Release|Win32
		{A8D72619-C6E5-4CF6-84D5-51BE760674C7}.Release|x86.Build.0 = Release|Win32
	EndGlobalSection
	GlobalSection(SolutionProperties) = preSolution
		HideSolutionNode = FALSE
	EndGlobalSection
	GlobalSection(ExtensibilityGlobals) = postSolution
		SolutionGuid = {5467FF5A-A832-4C95-B248-14FFBEF75E3C}
	EndGlobalSection
EndGlobal
